
Microsoft Visual Studio Solution File, Format Version 12.00
# Visual Studio Version 16
VisualStudioVersion = 16.0.32510.428
MinimumVisualStudioVersion = 10.0.40219.1
Project("{FAE04EC0-301F-11D3-BF4B-00C04F79EFBC}") = "QuranRecitation", "QuranRecitation\QuranRecitation.csproj", "{6DE336F4-3FE2-4802-8E6B-7961ADFDB4B3}"
EndProject
Project("{FAE04EC0-301F-11D3-BF4B-00C04F79EFBC}") = "QuranRecitation.Data", "QuranRecitation.Data\QuranRecitation.Data.csproj", "{BB20BF18-EC96-442D-B446-B8355A49079E}"
EndProject
Project("{FAE04EC0-301F-11D3-BF4B-00C04F79EFBC}") = "QuranRecitation.WebApi", "QuranRecitation.WebApi\QuranRecitation.WebApi.csproj", "{13F9D208-36BD-4D34-8951-BF78379326E9}"
EndProject
Project("{FAE04EC0-301F-11D3-BF4B-00C04F79EFBC}") = "QuranRecitation.WebApi.Tests", "QuranRecitation.WebApi.Tests\QuranRecitation.WebApi.Tests.csproj", "{9227BBCE-C925-455F-81E6-E1F36219FADE}"
EndProject
Project("{FAE04EC0-301F-11D3-BF4B-00C04F79EFBC}") = "QuranRecitation.Tests", "QuranRecitation.Tests\QuranRecitation.Tests.csproj", "{FD3A5E6A-8C64-4701-8E05-D392F30D5B8F}"
EndProject
Global
	GlobalSection(SolutionConfigurationPlatforms) = preSolution
		Debug|Any CPU = Debug|Any CPU
		Release|Any CPU = Release|Any CPU
	EndGlobalSection
	GlobalSection(ProjectConfigurationPlatforms) = postSolution
		{6DE336F4-3FE2-4802-8E6B-7961ADFDB4B3}.Debug|Any CPU.ActiveCfg = Debug|Any CPU
		{6DE336F4-3FE2-4802-8E6B-7961ADFDB4B3}.Debug|Any CPU.Build.0 = Debug|Any CPU
		{6DE336F4-3FE2-4802-8E6B-7961ADFDB4B3}.Release|Any CPU.ActiveCfg = Release|Any CPU
		{6DE336F4-3FE2-4802-8E6B-7961ADFDB4B3}.Release|Any CPU.Build.0 = Release|Any CPU
		{BB20BF18-EC96-442D-B446-B8355A49079E}.Debug|Any CPU.ActiveCfg = Debug|Any CPU
		{BB20BF18-EC96-442D-B446-B8355A49079E}.Debug|Any CPU.Build.0 = Debug|Any CPU
		{BB20BF18-EC96-442D-B446-B8355A49079E}.Release|Any CPU.ActiveCfg = Release|Any CPU
		{BB20BF18-EC96-442D-B446-B8355A49079E}.Release|Any CPU.Build.0 = Release|Any CPU
		{13F9D208-36BD-4D34-8951-BF78379326E9}.Debug|Any CPU.ActiveCfg = Debug|Any CPU
		{13F9D208-36BD-4D34-8951-BF78379326E9}.Debug|Any CPU.Build.0 = Debug|Any CPU
		{13F9D208-36BD-4D34-8951-BF78379326E9}.Release|Any CPU.ActiveCfg = Release|Any CPU
		{13F9D208-36BD-4D34-8951-BF78379326E9}.Release|Any CPU.Build.0 = Release|Any CPU
		{9227BBCE-C925-455F-81E6-E1F36219FADE}.Debug|Any CPU.ActiveCfg = Debug|Any CPU
		{9227BBCE-C925-455F-81E6-E1F36219FADE}.Debug|Any CPU.Build.0 = Debug|Any CPU
		{9227BBCE-C925-455F-81E6-E1F36219FADE}.Release|Any CPU.ActiveCfg = Release|Any CPU
		{9227BBCE-C925-455F-81E6-E1F36219FADE}.Release|Any CPU.Build.0 = Release|Any CPU
		{FD3A5E6A-8C64-4701-8E05-D392F30D5B8F}.Debug|Any CPU.ActiveCfg = Debug|Any CPU
		{FD3A5E6A-8C64-4701-8E05-D392F30D5B8F}.Debug|Any CPU.Build.0 = Debug|Any CPU
		{FD3A5E6A-8C64-4701-8E05-D392F30D5B8F}.Release|Any CPU.ActiveCfg = Release|Any CPU
		{FD3A5E6A-8C64-4701-8E05-D392F30D5B8F}.Release|Any CPU.Build.0 = Release|Any CPU
	EndGlobalSection
	GlobalSection(SolutionProperties) = preSolution
		HideSolutionNode = FALSE
	EndGlobalSection
	GlobalSection(ExtensibilityGlobals) = postSolution
		SolutionGuid = {CF7D6874-D1A9-4DB0-BD65-CB6CF8B4FA68}
	EndGlobalSection
EndGlobal
